
Microsoft Visual Studio Solution File, Format Version 12.00
# Visual Studio 15
VisualStudioVersion = 15.0.28307.489
MinimumVisualStudioVersion = 10.0.40219.1
Project("{FAE04EC0-301F-11D3-BF4B-00C04F79EFBC}") = "ProjectManagerAPI", "ProjectManagerAPI\ProjectManagerAPI.csproj", "{79EA1007-C0FE-4702-8C1F-E560561F96DB}"
EndProject
Project("{FAE04EC0-301F-11D3-BF4B-00C04F79EFBC}") = "ProjectManagerAPI.Tests", "ProjectManagerAPI.Tests\ProjectManagerAPI.Tests.csproj", "{331CEFA9-2D78-405D-B29A-1B618795DD0C}"
EndProject
Global
	GlobalSection(SolutionConfigurationPlatforms) = preSolution
		Debug|Any CPU = Debug|Any CPU
		Release|Any CPU = Release|Any CPU
	EndGlobalSection
	GlobalSection(ProjectConfigurationPlatforms) = postSolution
		{79EA1007-C0FE-4702-8C1F-E560561F96DB}.Debug|Any CPU.ActiveCfg = Debug|Any CPU
		{79EA1007-C0FE-4702-8C1F-E560561F96DB}.Debug|Any CPU.Build.0 = Debug|Any CPU
		{79EA1007-C0FE-4702-8C1F-E560561F96DB}.Release|Any CPU.ActiveCfg = Release|Any CPU
		{79EA1007-C0FE-4702-8C1F-E560561F96DB}.Release|Any CPU.Build.0 = Release|Any CPU
		{331CEFA9-2D78-405D-B29A-1B618795DD0C}.Debug|Any CPU.ActiveCfg = Debug|Any CPU
		{331CEFA9-2D78-405D-B29A-1B618795DD0C}.Debug|Any CPU.Build.0 = Debug|Any CPU
		{331CEFA9-2D78-405D-B29A-1B618795DD0C}.Release|Any CPU.ActiveCfg = Release|Any CPU
		{331CEFA9-2D78-405D-B29A-1B618795DD0C}.Release|Any CPU.Build.0 = Release|Any CPU
	EndGlobalSection
	GlobalSection(SolutionProperties) = preSolution
		HideSolutionNode = FALSE
	EndGlobalSection
	GlobalSection(ExtensibilityGlobals) = postSolution
		SolutionGuid = {35677EEE-438A-42A7-A91E-E5F954D4F19F}
	EndGlobalSection
EndGlobal
